
Microsoft Visual Studio Solution File, Format Version 12.00
# Visual Studio Version 16
VisualStudioVersion = 25.0.1706.3
MinimumVisualStudioVersion = 10.0.40219.1
Project("{FAE04EC0-301F-11D3-BF4B-00C04F79EFBC}") = "AreaCalc", "AreaCalc\AreaCalc.csproj", "{1EAE07AE-F4F2-45AD-AE85-05478BE2AF4C}"
EndProject
Project("{2150E333-8FDC-42A3-9474-1A3956D46DE8}") = "Q3SQL", "Q3SQL", "{360C19D0-8BF6-428A-9194-3C8E335EDD52}"
	ProjectSection(SolutionItems) = preProject
		Q3.sql = Q3.sql
	EndProjectSection
EndProject
Project("{FAE04EC0-301F-11D3-BF4B-00C04F79EFBC}") = "AreaCalc.Tests", "AreaCalc.Tests\AreaCalc.Tests.csproj", "{694A7036-A05F-4C0D-8A4A-ABC37147C718}"
EndProject
Global
	GlobalSection(SolutionConfigurationPlatforms) = preSolution
		Debug|Any CPU = Debug|Any CPU
		Release|Any CPU = Release|Any CPU
	EndGlobalSection
	GlobalSection(ProjectConfigurationPlatforms) = postSolution
		{1EAE07AE-F4F2-45AD-AE85-05478BE2AF4C}.Debug|Any CPU.ActiveCfg = Debug|Any CPU
		{1EAE07AE-F4F2-45AD-AE85-05478BE2AF4C}.Debug|Any CPU.Build.0 = Debug|Any CPU
		{1EAE07AE-F4F2-45AD-AE85-05478BE2AF4C}.Release|Any CPU.ActiveCfg = Release|Any CPU
		{1EAE07AE-F4F2-45AD-AE85-05478BE2AF4C}.Release|Any CPU.Build.0 = Release|Any CPU
		{694A7036-A05F-4C0D-8A4A-ABC37147C718}.Debug|Any CPU.ActiveCfg = Debug|Any CPU
		{694A7036-A05F-4C0D-8A4A-ABC37147C718}.Debug|Any CPU.Build.0 = Debug|Any CPU
		{694A7036-A05F-4C0D-8A4A-ABC37147C718}.Release|Any CPU.ActiveCfg = Release|Any CPU
		{694A7036-A05F-4C0D-8A4A-ABC37147C718}.Release|Any CPU.Build.0 = Release|Any CPU
	EndGlobalSection
	GlobalSection(SolutionProperties) = preSolution
		HideSolutionNode = FALSE
	EndGlobalSection
	GlobalSection(ExtensibilityGlobals) = postSolution
		SolutionGuid = {41227E11-128F-4FB2-A9EC-5B736839E534}
	EndGlobalSection
EndGlobal
